// !$*UTF8*$!
{
	archiveVersion = 1;
	classes = {
	};
	objectVersion = 55;
	objects = {

/* Begin PBXBuildFile section */
		F929471D279DE1AE007D2C70 /* AllFriendsController.swift in Sources */ = {isa = PBXBuildFile; fileRef = F929471C279DE1AE007D2C70 /* AllFriendsController.swift */; };
		F929471F279DE1DC007D2C70 /* AllFriendsCell.swift in Sources */ = {isa = PBXBuildFile; fileRef = F929471E279DE1DC007D2C70 /* AllFriendsCell.swift */; };
		F9294722279DED05007D2C70 /* GroupsViewController.swift in Sources */ = {isa = PBXBuildFile; fileRef = F9294721279DED05007D2C70 /* GroupsViewController.swift */; };
		F9294724279DED21007D2C70 /* GroupCell.swift in Sources */ = {isa = PBXBuildFile; fileRef = F9294723279DED21007D2C70 /* GroupCell.swift */; };
		F9410CD22795E42100A4BA7F /* AppDelegate.swift in Sources */ = {isa = PBXBuildFile; fileRef = F9410CD12795E42100A4BA7F /* AppDelegate.swift */; };
		F9410CD42795E42100A4BA7F /* SceneDelegate.swift in Sources */ = {isa = PBXBuildFile; fileRef = F9410CD32795E42100A4BA7F /* SceneDelegate.swift */; };
		F9410CD62795E42100A4BA7F /* ViewController.swift in Sources */ = {isa = PBXBuildFile; fileRef = F9410CD52795E42100A4BA7F /* ViewController.swift */; };
		F9410CD92795E42100A4BA7F /* Main.storyboard in Resources */ = {isa = PBXBuildFile; fileRef = F9410CD72795E42100A4BA7F /* Main.storyboard */; };
		F9410CDB2795E42200A4BA7F /* Assets.xcassets in Resources */ = {isa = PBXBuildFile; fileRef = F9410CDA2795E42200A4BA7F /* Assets.xcassets */; };
		F9410CDE2795E42200A4BA7F /* LaunchScreen.storyboard in Resources */ = {isa = PBXBuildFile; fileRef = F9410CDC2795E42200A4BA7F /* LaunchScreen.storyboard */; };
		F94A73B8279EAAAE00C16CF4 /* AllGroupsController.swift in Sources */ = {isa = PBXBuildFile; fileRef = F94A73B7279EAAAE00C16CF4 /* AllGroupsController.swift */; };
		F94A73BA279EAAC800C16CF4 /* AllGroupCell.swift in Sources */ = {isa = PBXBuildFile; fileRef = F94A73B9279EAAC800C16CF4 /* AllGroupCell.swift */; };
		F94A73C1279EFC3E00C16CF4 /* PhotosCollectionViewController.swift in Sources */ = {isa = PBXBuildFile; fileRef = F94A73C0279EFC3E00C16CF4 /* PhotosCollectionViewController.swift */; };
		F94A73C3279EFC5D00C16CF4 /* PhotoCollectionViewCell.swift in Sources */ = {isa = PBXBuildFile; fileRef = F94A73C2279EFC5D00C16CF4 /* PhotoCollectionViewCell.swift */; };
		F9A91C17279F219800E9FD81 /* FriendsListCell.swift in Sources */ = {isa = PBXBuildFile; fileRef = F9A91C16279F219800E9FD81 /* FriendsListCell.swift */; };
		F9A91C1A279F2B8700E9FD81 /* ListOfGroups.swift in Sources */ = {isa = PBXBuildFile; fileRef = F9A91C19279F2B8700E9FD81 /* ListOfGroups.swift */; };
/* End PBXBuildFile section */

/* Begin PBXFileReference section */
		F929471C279DE1AE007D2C70 /* AllFriendsController.swift */ = {isa = PBXFileReference; lastKnownFileType = sourcecode.swift; path = AllFriendsController.swift; sourceTree = "<group>"; };
		F929471E279DE1DC007D2C70 /* AllFriendsCell.swift */ = {isa = PBXFileReference; lastKnownFileType = sourcecode.swift; path = AllFriendsCell.swift; sourceTree = "<group>"; };
		F9294721279DED05007D2C70 /* GroupsViewController.swift */ = {isa = PBXFileReference; lastKnownFileType = sourcecode.swift; path = GroupsViewController.swift; sourceTree = "<group>"; };
		F9294723279DED21007D2C70 /* GroupCell.swift */ = {isa = PBXFileReference; lastKnownFileType = sourcecode.swift; path = GroupCell.swift; sourceTree = "<group>"; };
		F9410CCE2795E42100A4BA7F /* VKapp.app */ = {isa = PBXFileReference; explicitFileType = wrapper.application; includeInIndex = 0; path = VKapp.app; sourceTree = BUILT_PRODUCTS_DIR; };
		F9410CD12795E42100A4BA7F /* AppDelegate.swift */ = {isa = PBXFileReference; lastKnownFileType = sourcecode.swift; path = AppDelegate.swift; sourceTree = "<group>"; };
		F9410CD32795E42100A4BA7F /* SceneDelegate.swift */ = {isa = PBXFileReference; lastKnownFileType = sourcecode.swift; path = SceneDelegate.swift; sourceTree = "<group>"; };
		F9410CD52795E42100A4BA7F /* ViewController.swift */ = {isa = PBXFileReference; lastKnownFileType = sourcecode.swift; path = ViewController.swift; sourceTree = "<group>"; };
		F9410CD82795E42100A4BA7F /* Base */ = {isa = PBXFileReference; lastKnownFileType = file.storyboard; name = Base; path = Base.lproj/Main.storyboard; sourceTree = "<group>"; };
		F9410CDA2795E42200A4BA7F /* Assets.xcassets */ = {isa = PBXFileReference; lastKnownFileType = folder.assetcatalog; path = Assets.xcassets; sourceTree = "<group>"; };
		F9410CDD2795E42200A4BA7F /* Base */ = {isa = PBXFileReference; lastKnownFileType = file.storyboard; name = Base; path = Base.lproj/LaunchScreen.storyboard; sourceTree = "<group>"; };
		F9410CDF2795E42200A4BA7F /* Info.plist */ = {isa = PBXFileReference; lastKnownFileType = text.plist.xml; path = Info.plist; sourceTree = "<group>"; };
		F94A73B7279EAAAE00C16CF4 /* AllGroupsController.swift */ = {isa = PBXFileReference; lastKnownFileType = sourcecode.swift; path = AllGroupsController.swift; sourceTree = "<group>"; };
		F94A73B9279EAAC800C16CF4 /* AllGroupCell.swift */ = {isa = PBXFileReference; lastKnownFileType = sourcecode.swift; path = AllGroupCell.swift; sourceTree = "<group>"; };
		F94A73C0279EFC3E00C16CF4 /* PhotosCollectionViewController.swift */ = {isa = PBXFileReference; lastKnownFileType = sourcecode.swift; path = PhotosCollectionViewController.swift; sourceTree = "<group>"; };
		F94A73C2279EFC5D00C16CF4 /* PhotoCollectionViewCell.swift */ = {isa = PBXFileReference; lastKnownFileType = sourcecode.swift; path = PhotoCollectionViewCell.swift; sourceTree = "<group>"; };
		F9A91C16279F219800E9FD81 /* FriendsListCell.swift */ = {isa = PBXFileReference; lastKnownFileType = sourcecode.swift; path = FriendsListCell.swift; sourceTree = "<group>"; };
		F9A91C19279F2B8700E9FD81 /* ListOfGroups.swift */ = {isa = PBXFileReference; lastKnownFileType = sourcecode.swift; path = ListOfGroups.swift; sourceTree = "<group>"; };
/* End PBXFileReference section */

/* Begin PBXFrameworksBuildPhase section */
		F9410CCB2795E42100A4BA7F /* Frameworks */ = {
			isa = PBXFrameworksBuildPhase;
			buildActionMask = 2147483647;
			files = (
			);
			runOnlyForDeploymentPostprocessing = 0;
		};
/* End PBXFrameworksBuildPhase section */

/* Begin PBXGroup section */
		F929471B279DE13B007D2C70 /* Friends */ = {
			isa = PBXGroup;
			children = (
				F929471C279DE1AE007D2C70 /* AllFriendsController.swift */,
				F929471E279DE1DC007D2C70 /* AllFriendsCell.swift */,
				F9A91C16279F219800E9FD81 /* FriendsListCell.swift */,
			);
			path = Friends;
			sourceTree = "<group>";
		};
		F9294720279DECD5007D2C70 /* Groups */ = {
			isa = PBXGroup;
			children = (
				F9294721279DED05007D2C70 /* GroupsViewController.swift */,
				F9294723279DED21007D2C70 /* GroupCell.swift */,
				F94A73B7279EAAAE00C16CF4 /* AllGroupsController.swift */,
				F94A73B9279EAAC800C16CF4 /* AllGroupCell.swift */,
				F9A91C19279F2B8700E9FD81 /* ListOfGroups.swift */,
			);
			path = Groups;
			sourceTree = "<group>";
		};
		F9410CC52795E42100A4BA7F = {
			isa = PBXGroup;
			children = (
				F9410CD02795E42100A4BA7F /* VKapp */,
				F9410CCF2795E42100A4BA7F /* Products */,
			);
			sourceTree = "<group>";
		};
		F9410CCF2795E42100A4BA7F /* Products */ = {
			isa = PBXGroup;
			children = (
				F9410CCE2795E42100A4BA7F /* VKapp.app */,
			);
			name = Products;
			sourceTree = "<group>";
		};
		F9410CD02795E42100A4BA7F /* VKapp */ = {
			isa = PBXGroup;
			children = (
				F94A73BB279EFBDE00C16CF4 /* Photo */,
				F9294720279DECD5007D2C70 /* Groups */,
				F929471B279DE13B007D2C70 /* Friends */,
				F9410CD12795E42100A4BA7F /* AppDelegate.swift */,
				F9410CD32795E42100A4BA7F /* SceneDelegate.swift */,
				F9410CD52795E42100A4BA7F /* ViewController.swift */,
				F9410CD72795E42100A4BA7F /* Main.storyboard */,
				F9410CDA2795E42200A4BA7F /* Assets.xcassets */,
				F9410CDC2795E42200A4BA7F /* LaunchScreen.storyboard */,
				F9410CDF2795E42200A4BA7F /* Info.plist */,
			);
			path = VKapp;
			sourceTree = "<group>";
		};
		F94A73BB279EFBDE00C16CF4 /* Photo */ = {
			isa = PBXGroup;
			children = (
				F94A73C0279EFC3E00C16CF4 /* PhotosCollectionViewController.swift */,
				F94A73C2279EFC5D00C16CF4 /* PhotoCollectionViewCell.swift */,
			);
			path = Photo;
			sourceTree = "<group>";
		};
/* End PBXGroup section */

/* Begin PBXNativeTarget section */
		F9410CCD2795E42100A4BA7F /* VKapp */ = {
			isa = PBXNativeTarget;
			buildConfigurationList = F9410CE22795E42200A4BA7F /* Build configuration list for PBXNativeTarget "VKapp" */;
			buildPhases = (
				F9410CCA2795E42100A4BA7F /* Sources */,
				F9410CCB2795E42100A4BA7F /* Frameworks */,
				F9410CCC2795E42100A4BA7F /* Resources */,
			);
			buildRules = (
			);
			dependencies = (
			);
			name = VKapp;
			productName = VKapp;
			productReference = F9410CCE2795E42100A4BA7F /* VKapp.app */;
			productType = "com.apple.product-type.application";
		};
/* End PBXNativeTarget section */

/* Begin PBXProject section */
		F9410CC62795E42100A4BA7F /* Project object */ = {
			isa = PBXProject;
			attributes = {
				BuildIndependentTargetsInParallel = 1;
				LastSwiftUpdateCheck = 1320;
				LastUpgradeCheck = 1320;
				TargetAttributes = {
					F9410CCD2795E42100A4BA7F = {
						CreatedOnToolsVersion = 13.2.1;
					};
				};
			};
			buildConfigurationList = F9410CC92795E42100A4BA7F /* Build configuration list for PBXProject "VKapp" */;
			compatibilityVersion = "Xcode 13.0";
			developmentRegion = en;
			hasScannedForEncodings = 0;
			knownRegions = (
				en,
				Base,
			);
			mainGroup = F9410CC52795E42100A4BA7F;
			productRefGroup = F9410CCF2795E42100A4BA7F /* Products */;
			projectDirPath = "";
			projectRoot = "";
			targets = (
				F9410CCD2795E42100A4BA7F /* VKapp */,
			);
		};
/* End PBXProject section */

/* Begin PBXResourcesBuildPhase section */
		F9410CCC2795E42100A4BA7F /* Resources */ = {
			isa = PBXResourcesBuildPhase;
			buildActionMask = 2147483647;
			files = (
				F9410CDE2795E42200A4BA7F /* LaunchScreen.storyboard in Resources */,
				F9410CDB2795E42200A4BA7F /* Assets.xcassets in Resources */,
				F9410CD92795E42100A4BA7F /* Main.storyboard in Resources */,
			);
			runOnlyForDeploymentPostprocessing = 0;
		};
/* End PBXResourcesBuildPhase section */

/* Begin PBXSourcesBuildPhase section */
		F9410CCA2795E42100A4BA7F /* Sources */ = {
			isa = PBXSourcesBuildPhase;
			buildActionMask = 2147483647;
			files = (
				F9294724279DED21007D2C70 /* GroupCell.swift in Sources */,
				F9A91C1A279F2B8700E9FD81 /* ListOfGroups.swift in Sources */,
				F94A73B8279EAAAE00C16CF4 /* AllGroupsController.swift in Sources */,
				F929471F279DE1DC007D2C70 /* AllFriendsCell.swift in Sources */,
				F9410CD62795E42100A4BA7F /* ViewController.swift in Sources */,
				F9294722279DED05007D2C70 /* GroupsViewController.swift in Sources */,
				F929471D279DE1AE007D2C70 /* AllFriendsController.swift in Sources */,
				F9410CD22795E42100A4BA7F /* AppDelegate.swift in Sources */,
				F94A73BA279EAAC800C16CF4 /* AllGroupCell.swift in Sources */,
				F9410CD42795E42100A4BA7F /* SceneDelegate.swift in Sources */,
				F94A73C3279EFC5D00C16CF4 /* PhotoCollectionViewCell.swift in Sources */,
				F94A73C1279EFC3E00C16CF4 /* PhotosCollectionViewController.swift in Sources */,
				F9A91C17279F219800E9FD81 /* FriendsListCell.swift in Sources */,
			);
			runOnlyForDeploymentPostprocessing = 0;
		};
/* End PBXSourcesBuildPhase section */

/* Begin PBXVariantGroup section */
		F9410CD72795E42100A4BA7F /* Main.storyboard */ = {
			isa = PBXVariantGroup;
			children = (
				F9410CD82795E42100A4BA7F /* Base */,
			);
			name = Main.storyboard;
			sourceTree = "<group>";
		};
		F9410CDC2795E42200A4BA7F /* LaunchScreen.storyboard */ = {
			isa = PBXVariantGroup;
			children = (
				F9410CDD2795E42200A4BA7F /* Base */,
			);
			name = LaunchScreen.storyboard;
			sourceTree = "<group>";
		};
/* End PBXVariantGroup section */

/* Begin XCBuildConfiguration section */
		F9410CE02795E42200A4BA7F /* Debug */ = {
			isa = XCBuildConfiguration;
			buildSettings = {
				ALWAYS_SEARCH_USER_PATHS = NO;
				CLANG_ANALYZER_NONNULL = YES;
				CLANG_ANALYZER_NUMBER_OBJECT_CONVERSION = YES_AGGRESSIVE;
				CLANG_CXX_LANGUAGE_STANDARD = "gnu++17";
				CLANG_CXX_LIBRARY = "libc++";
				CLANG_ENABLE_MODULES = YES;
				CLANG_ENABLE_OBJC_ARC = YES;
				CLANG_ENABLE_OBJC_WEAK = YES;
				CLANG_WARN_BLOCK_CAPTURE_AUTORELEASING = YES;
				CLANG_WARN_BOOL_CONVERSION = YES;
				CLANG_WARN_COMMA = YES;
				CLANG_WARN_CONSTANT_CONVERSION = YES;
				CLANG_WARN_DEPRECATED_OBJC_IMPLEMENTATIONS = YES;
				CLANG_WARN_DIRECT_OBJC_ISA_USAGE = YES_ERROR;
				CLANG_WARN_DOCUMENTATION_COMMENTS = YES;
				CLANG_WARN_EMPTY_BODY = YES;
				CLANG_WARN_ENUM_CONVERSION = YES;
				CLANG_WARN_INFINITE_RECURSION = YES;
				CLANG_WARN_INT_CONVERSION = YES;
				CLANG_WARN_NON_LITERAL_NULL_CONVERSION = YES;
				CLANG_WARN_OBJC_IMPLICIT_RETAIN_SELF = YES;
				CLANG_WARN_OBJC_LITERAL_CONVERSION = YES;
				CLANG_WARN_OBJC_ROOT_CLASS = YES_ERROR;
				CLANG_WARN_QUOTED_INCLUDE_IN_FRAMEWORK_HEADER = YES;
				CLANG_WARN_RANGE_LOOP_ANALYSIS = YES;
				CLANG_WARN_STRICT_PROTOTYPES = YES;
				CLANG_WARN_SUSPICIOUS_MOVE = YES;
				CLANG_WARN_UNGUARDED_AVAILABILITY = YES_AGGRESSIVE;
				CLANG_WARN_UNREACHABLE_CODE = YES;
				CLANG_WARN__DUPLICATE_METHOD_MATCH = YES;
				COPY_PHASE_STRIP = NO;
				DEBUG_INFORMATION_FORMAT = dwarf;
				ENABLE_STRICT_OBJC_MSGSEND = YES;
				ENABLE_TESTABILITY = YES;
				GCC_C_LANGUAGE_STANDARD = gnu11;
				GCC_DYNAMIC_NO_PIC = NO;
				GCC_NO_COMMON_BLOCKS = YES;
				GCC_OPTIMIZATION_LEVEL = 0;
				GCC_PREPROCESSOR_DEFINITIONS = (
					"DEBUG=1",
					"$(inherited)",
				);
				GCC_WARN_64_TO_32_BIT_CONVERSION = YES;
				GCC_WARN_ABOUT_RETURN_TYPE = YES_ERROR;
				GCC_WARN_UNDECLARED_SELECTOR = YES;
				GCC_WARN_UNINITIALIZED_AUTOS = YES_AGGRESSIVE;
				GCC_WARN_UNUSED_FUNCTION = YES;
				GCC_WARN_UNUSED_VARIABLE = YES;
				IPHONEOS_DEPLOYMENT_TARGET = 15.2;
				MTL_ENABLE_DEBUG_INFO = INCLUDE_SOURCE;
				MTL_FAST_MATH = YES;
				ONLY_ACTIVE_ARCH = YES;
				SDKROOT = iphoneos;
				SWIFT_ACTIVE_COMPILATION_CONDITIONS = DEBUG;
				SWIFT_OPTIMIZATION_LEVEL = "-Onone";
			};
			name = Debug;
		};
		F9410CE12795E42200A4BA7F /* Release */ = {
			isa = XCBuildConfiguration;
			buildSettings = {
				ALWAYS_SEARCH_USER_PATHS = NO;
				CLANG_ANALYZER_NONNULL = YES;
				CLANG_ANALYZER_NUMBER_OBJECT_CONVERSION = YES_AGGRESSIVE;
				CLANG_CXX_LANGUAGE_STANDARD = "gnu++17";
				CLANG_CXX_LIBRARY = "libc++";
				CLANG_ENABLE_MODULES = YES;
				CLANG_ENABLE_OBJC_ARC = YES;
				CLANG_ENABLE_OBJC_WEAK = YES;
				CLANG_WARN_BLOCK_CAPTURE_AUTORELEASING = YES;
				CLANG_WARN_BOOL_CONVERSION = YES;
				CLANG_WARN_COMMA = YES;
				CLANG_WARN_CONSTANT_CONVERSION = YES;
				CLANG_WARN_DEPRECATED_OBJC_IMPLEMENTATIONS = YES;
				CLANG_WARN_DIRECT_OBJC_ISA_USAGE = YES_ERROR;
				CLANG_WARN_DOCUMENTATION_COMMENTS = YES;
				CLANG_WARN_EMPTY_BODY = YES;
				CLANG_WARN_ENUM_CONVERSION = YES;
				CLANG_WARN_INFINITE_RECURSION = YES;
				CLANG_WARN_INT_CONVERSION = YES;
				CLANG_WARN_NON_LITERAL_NULL_CONVERSION = YES;
				CLANG_WARN_OBJC_IMPLICIT_RETAIN_SELF = YES;
				CLANG_WARN_OBJC_LITERAL_CONVERSION = YES;
				CLANG_WARN_OBJC_ROOT_CLASS = YES_ERROR;
				CLANG_WARN_QUOTED_INCLUDE_IN_FRAMEWORK_HEADER = YES;
				CLANG_WARN_RANGE_LOOP_ANALYSIS = YES;
				CLANG_WARN_STRICT_PROTOTYPES = YES;
				CLANG_WARN_SUSPICIOUS_MOVE = YES;
				CLANG_WARN_UNGUARDED_AVAILABILITY = YES_AGGRESSIVE;
				CLANG_WARN_UNREACHABLE_CODE = YES;
				CLANG_WARN__DUPLICATE_METHOD_MATCH = YES;
				COPY_PHASE_STRIP = NO;
				DEBUG_INFORMATION_FORMAT = "dwarf-with-dsym";
				ENABLE_NS_ASSERTIONS = NO;
				ENABLE_STRICT_OBJC_MSGSEND = YES;
				GCC_C_LANGUAGE_STANDARD = gnu11;
				GCC_NO_COMMON_BLOCKS = YES;
				GCC_WARN_64_TO_32_BIT_CONVERSION = YES;
				GCC_WARN_ABOUT_RETURN_TYPE = YES_ERROR;
				GCC_WARN_UNDECLARED_SELECTOR = YES;
				GCC_WARN_UNINITIALIZED_AUTOS = YES_AGGRESSIVE;
				GCC_WARN_UNUSED_FUNCTION = YES;
				GCC_WARN_UNUSED_VARIABLE = YES;
				IPHONEOS_DEPLOYMENT_TARGET = 15.2;
				MTL_ENABLE_DEBUG_INFO = NO;
				MTL_FAST_MATH = YES;
				SDKROOT = iphoneos;
				SWIFT_COMPILATION_MODE = wholemodule;
				SWIFT_OPTIMIZATION_LEVEL = "-O";
				VALIDATE_PRODUCT = YES;
			};
			name = Release;
		};
		F9410CE32795E42200A4BA7F /* Debug */ = {
			isa = XCBuildConfiguration;
			buildSettings = {
				ASSETCATALOG_COMPILER_APPICON_NAME = AppIcon;
				ASSETCATALOG_COMPILER_GLOBAL_ACCENT_COLOR_NAME = AccentColor;
				CODE_SIGN_STYLE = Automatic;
				CURRENT_PROJECT_VERSION = 1;
				DEVELOPMENT_TEAM = 3N8G2G522U;
				GENERATE_INFOPLIST_FILE = YES;
				INFOPLIST_FILE = VKapp/Info.plist;
				INFOPLIST_KEY_UIApplicationSupportsIndirectInputEvents = YES;
				INFOPLIST_KEY_UILaunchStoryboardName = LaunchScreen;
				INFOPLIST_KEY_UIMainStoryboardFile = Main;
				INFOPLIST_KEY_UISupportedInterfaceOrientations_iPad = "UIInterfaceOrientationPortrait UIInterfaceOrientationPortraitUpsideDown UIInterfaceOrientationLandscapeLeft UIInterfaceOrientationLandscapeRight";
				INFOPLIST_KEY_UISupportedInterfaceOrientations_iPhone = "UIInterfaceOrientationPortrait UIInterfaceOrientationLandscapeLeft UIInterfaceOrientationLandscapeRight";
				IPHONEOS_DEPLOYMENT_TARGET = 15.1;
				LD_RUNPATH_SEARCH_PATHS = (
					"$(inherited)",
					"@executable_path/Frameworks",
				);
				MARKETING_VERSION = 1.0;
				PRODUCT_BUNDLE_IDENTIFIER = iOliver.VKapp;
				PRODUCT_NAME = "$(TARGET_NAME)";
				SWIFT_EMIT_LOC_STRINGS = YES;
				SWIFT_VERSION = 5.0;
				TARGETED_DEVICE_FAMILY = "1,2";
			};
			name = Debug;
		};
		F9410CE42795E42200A4BA7F /* Release */ = {
			isa = XCBuildConfiguration;
			buildSettings = {
				ASSETCATALOG_COMPILER_APPICON_NAME = AppIcon;
				ASSETCATALOG_COMPILER_GLOBAL_ACCENT_COLOR_NAME = AccentColor;
				CODE_SIGN_STYLE = Automatic;
				CURRENT_PROJECT_VERSION = 1;
				DEVELOPMENT_TEAM = 3N8G2G522U;
				GENERATE_INFOPLIST_FILE = YES;
				INFOPLIST_FILE = VKapp/Info.plist;
				INFOPLIST_KEY_UIApplicationSupportsIndirectInputEvents = YES;
				INFOPLIST_KEY_UILaunchStoryboardName = LaunchScreen;
				INFOPLIST_KEY_UIMainStoryboardFile = Main;
				INFOPLIST_KEY_UISupportedInterfaceOrientations_iPad = "UIInterfaceOrientationPortrait UIInterfaceOrientationPortraitUpsideDown UIInterfaceOrientationLandscapeLeft UIInterfaceOrientationLandscapeRight";
				INFOPLIST_KEY_UISupportedInterfaceOrientations_iPhone = "UIInterfaceOrientationPortrait UIInterfaceOrientationLandscapeLeft UIInterfaceOrientationLandscapeRight";
				IPHONEOS_DEPLOYMENT_TARGET = 15.1;
				LD_RUNPATH_SEARCH_PATHS = (
					"$(inherited)",
					"@executable_path/Frameworks",
				);
				MARKETING_VERSION = 1.0;
				PRODUCT_BUNDLE_IDENTIFIER = iOliver.VKapp;
				PRODUCT_NAME = "$(TARGET_NAME)";
				SWIFT_EMIT_LOC_STRINGS = YES;
				SWIFT_VERSION = 5.0;
				TARGETED_DEVICE_FAMILY = "1,2";
			};
			name = Release;
		};
/* End XCBuildConfiguration section */

/* Begin XCConfigurationList section */
		F9410CC92795E42100A4BA7F /* Build configuration list for PBXProject "VKapp" */ = {
			isa = XCConfigurationList;
			buildConfigurations = (
				F9410CE02795E42200A4BA7F /* Debug */,
				F9410CE12795E42200A4BA7F /* Release */,
			);
			defaultConfigurationIsVisible = 0;
			defaultConfigurationName = Release;
		};
		F9410CE22795E42200A4BA7F /* Build configuration list for PBXNativeTarget "VKapp" */ = {
			isa = XCConfigurationList;
			buildConfigurations = (
				F9410CE32795E42200A4BA7F /* Debug */,
				F9410CE42795E42200A4BA7F /* Release */,
			);
			defaultConfigurationIsVisible = 0;
			defaultConfigurationName = Release;
		};
/* End XCConfigurationList section */
	};
	rootObject = F9410CC62795E42100A4BA7F /* Project object */;
}
